
Microsoft Visual Studio Solution File, Format Version 11.00
# Visual Studio 2010
Project("{8BC9CEB8-8B4A-11D0-8D11-00A0C91BC942}") = "app", "app\app.vcxproj", "{5864B167-CCCA-4645-92E4-E408F71C0BCE}"
EndProject
Global
	GlobalSection(SolutionConfigurationPlatforms) = preSolution
		Debug|Win32 = Debug|Win32
		Release|Win32 = Release|Win32
	EndGlobalSection
	GlobalSection(ProjectConfigurationPlatforms) = postSolution
		{5864B167-CCCA-4645-92E4-E408F71C0BCE}.Debug|Win32.ActiveCfg = Debug|Win32
		{5864B167-CCCA-4645-92E4-E408F71C0BCE}.Debug|Win32.Build.0 = Debug|Win32
		{5864B167-CCCA-4645-92E4-E408F71C0BCE}.Release|Win32.ActiveCfg = Release|Win32
		{5864B167-CCCA-4645-92E4-E408F71C0BCE}.Release|Win32.Build.0 = Release|Win32
	EndGlobalSection
	GlobalSection(SolutionProperties) = preSolution
		HideSolutionNode = FALSE
	EndGlobalSection
EndGlobal
